// !$*UTF8*$!
{
	archiveVersion = 1;
	classes = {
	};
	objectVersion = 56;
	objects = {

/* Begin PBXBuildFile section */
		253B8E8E29924A22009FE094 /* AppDelegate.swift in Sources */ = {isa = PBXBuildFile; fileRef = 253B8E8D29924A22009FE094 /* AppDelegate.swift */; };
		253B8E9029924A22009FE094 /* SceneDelegate.swift in Sources */ = {isa = PBXBuildFile; fileRef = 253B8E8F29924A22009FE094 /* SceneDelegate.swift */; };
		253B8E9229924A22009FE094 /* ViewController.swift in Sources */ = {isa = PBXBuildFile; fileRef = 253B8E9129924A22009FE094 /* ViewController.swift */; };
		253B8E9529924A22009FE094 /* Main.storyboard in Resources */ = {isa = PBXBuildFile; fileRef = 253B8E9329924A22009FE094 /* Main.storyboard */; };
		253B8E9729924A23009FE094 /* Assets.xcassets in Resources */ = {isa = PBXBuildFile; fileRef = 253B8E9629924A23009FE094 /* Assets.xcassets */; };
		253B8E9A29924A23009FE094 /* LaunchScreen.storyboard in Resources */ = {isa = PBXBuildFile; fileRef = 253B8E9829924A23009FE094 /* LaunchScreen.storyboard */; };
		253B8EA22992582E009FE094 /* BTModel.swift in Sources */ = {isa = PBXBuildFile; fileRef = 253B8EA12992582E009FE094 /* BTModel.swift */; };
		253B8EA429925885009FE094 /* DistanceController.swift in Sources */ = {isa = PBXBuildFile; fileRef = 253B8EA329925885009FE094 /* DistanceController.swift */; };
		253B8EA6299258C3009FE094 /* BTManager.swift in Sources */ = {isa = PBXBuildFile; fileRef = 253B8EA5299258C3009FE094 /* BTManager.swift */; };
		253B8EA8299258EA009FE094 /* Constants.swift in Sources */ = {isa = PBXBuildFile; fileRef = 253B8EA7299258EA009FE094 /* Constants.swift */; };
/* End PBXBuildFile section */

/* Begin PBXFileReference section */
		253B8E8A29924A22009FE094 /* BLEPOCFix.app */ = {isa = PBXFileReference; explicitFileType = wrapper.application; includeInIndex = 0; path = BLEPOCFix.app; sourceTree = BUILT_PRODUCTS_DIR; };
		253B8E8D29924A22009FE094 /* AppDelegate.swift */ = {isa = PBXFileReference; lastKnownFileType = sourcecode.swift; path = AppDelegate.swift; sourceTree = "<group>"; };
		253B8E8F29924A22009FE094 /* SceneDelegate.swift */ = {isa = PBXFileReference; lastKnownFileType = sourcecode.swift; path = SceneDelegate.swift; sourceTree = "<group>"; };
		253B8E9129924A22009FE094 /* ViewController.swift */ = {isa = PBXFileReference; lastKnownFileType = sourcecode.swift; path = ViewController.swift; sourceTree = "<group>"; };
		253B8E9429924A22009FE094 /* Base */ = {isa = PBXFileReference; lastKnownFileType = file.storyboard; name = Base; path = Base.lproj/Main.storyboard; sourceTree = "<group>"; };
		253B8E9629924A23009FE094 /* Assets.xcassets */ = {isa = PBXFileReference; lastKnownFileType = folder.assetcatalog; path = Assets.xcassets; sourceTree = "<group>"; };
		253B8E9929924A23009FE094 /* Base */ = {isa = PBXFileReference; lastKnownFileType = file.storyboard; name = Base; path = Base.lproj/LaunchScreen.storyboard; sourceTree = "<group>"; };
		253B8E9B29924A23009FE094 /* Info.plist */ = {isa = PBXFileReference; lastKnownFileType = text.plist.xml; path = Info.plist; sourceTree = "<group>"; };
		253B8EA12992582E009FE094 /* BTModel.swift */ = {isa = PBXFileReference; lastKnownFileType = sourcecode.swift; path = BTModel.swift; sourceTree = "<group>"; };
		253B8EA329925885009FE094 /* DistanceController.swift */ = {isa = PBXFileReference; lastKnownFileType = sourcecode.swift; path = DistanceController.swift; sourceTree = "<group>"; };
		253B8EA5299258C3009FE094 /* BTManager.swift */ = {isa = PBXFileReference; lastKnownFileType = sourcecode.swift; path = BTManager.swift; sourceTree = "<group>"; };
		253B8EA7299258EA009FE094 /* Constants.swift */ = {isa = PBXFileReference; lastKnownFileType = sourcecode.swift; path = Constants.swift; sourceTree = "<group>"; };
/* End PBXFileReference section */

/* Begin PBXFrameworksBuildPhase section */
		253B8E8729924A22009FE094 /* Frameworks */ = {
			isa = PBXFrameworksBuildPhase;
			buildActionMask = 2147483647;
			files = (
			);
			runOnlyForDeploymentPostprocessing = 0;
		};
/* End PBXFrameworksBuildPhase section */

/* Begin PBXGroup section */
		253B8E8129924A22009FE094 = {
			isa = PBXGroup;
			children = (
				253B8E8C29924A22009FE094 /* BLEPOCFix */,
				253B8E8B29924A22009FE094 /* Products */,
			);
			sourceTree = "<group>";
		};
		253B8E8B29924A22009FE094 /* Products */ = {
			isa = PBXGroup;
			children = (
				253B8E8A29924A22009FE094 /* BLEPOCFix.app */,
			);
			name = Products;
			sourceTree = "<group>";
		};
		253B8E8C29924A22009FE094 /* BLEPOCFix */ = {
			isa = PBXGroup;
			children = (
				253B8E8D29924A22009FE094 /* AppDelegate.swift */,
				253B8E8F29924A22009FE094 /* SceneDelegate.swift */,
				253B8E9129924A22009FE094 /* ViewController.swift */,
				253B8EA7299258EA009FE094 /* Constants.swift */,
				253B8EA329925885009FE094 /* DistanceController.swift */,
				253B8EA5299258C3009FE094 /* BTManager.swift */,
				253B8E9329924A22009FE094 /* Main.storyboard */,
				253B8E9629924A23009FE094 /* Assets.xcassets */,
				253B8E9829924A23009FE094 /* LaunchScreen.storyboard */,
				253B8E9B29924A23009FE094 /* Info.plist */,
				253B8EA12992582E009FE094 /* BTModel.swift */,
			);
			path = BLEPOCFix;
			sourceTree = "<group>";
		};
/* End PBXGroup section */

/* Begin PBXNativeTarget section */
		253B8E8929924A22009FE094 /* BLEPOCFix */ = {
			isa = PBXNativeTarget;
			buildConfigurationList = 253B8E9E29924A23009FE094 /* Build configuration list for PBXNativeTarget "BLEPOCFix" */;
			buildPhases = (
				253B8E8629924A22009FE094 /* Sources */,
				253B8E8729924A22009FE094 /* Frameworks */,
				253B8E8829924A22009FE094 /* Resources */,
			);
			buildRules = (
			);
			dependencies = (
			);
			name = BLEPOCFix;
			productName = BLEPOCFix;
			productReference = 253B8E8A29924A22009FE094 /* BLEPOCFix.app */;
			productType = "com.apple.product-type.application";
		};
/* End PBXNativeTarget section */

/* Begin PBXProject section */
		253B8E8229924A22009FE094 /* Project object */ = {
			isa = PBXProject;
			attributes = {
				BuildIndependentTargetsInParallel = 1;
				LastSwiftUpdateCheck = 1420;
				LastUpgradeCheck = 1420;
				TargetAttributes = {
					253B8E8929924A22009FE094 = {
						CreatedOnToolsVersion = 14.2;
					};
				};
			};
			buildConfigurationList = 253B8E8529924A22009FE094 /* Build configuration list for PBXProject "BLEPOCFix" */;
			compatibilityVersion = "Xcode 14.0";
			developmentRegion = en;
			hasScannedForEncodings = 0;
			knownRegions = (
				en,
				Base,
			);
			mainGroup = 253B8E8129924A22009FE094;
			productRefGroup = 253B8E8B29924A22009FE094 /* Products */;
			projectDirPath = "";
			projectRoot = "";
			targets = (
				253B8E8929924A22009FE094 /* BLEPOCFix */,
			);
		};
/* End PBXProject section */

/* Begin PBXResourcesBuildPhase section */
		253B8E8829924A22009FE094 /* Resources */ = {
			isa = PBXResourcesBuildPhase;
			buildActionMask = 2147483647;
			files = (
				253B8E9A29924A23009FE094 /* LaunchScreen.storyboard in Resources */,
				253B8E9729924A23009FE094 /* Assets.xcassets in Resources */,
				253B8E9529924A22009FE094 /* Main.storyboard in Resources */,
			);
			runOnlyForDeploymentPostprocessing = 0;
		};
/* End PBXResourcesBuildPhase section */

/* Begin PBXSourcesBuildPhase section */
		253B8E8629924A22009FE094 /* Sources */ = {
			isa = PBXSourcesBuildPhase;
			buildActionMask = 2147483647;
			files = (
				253B8E9229924A22009FE094 /* ViewController.swift in Sources */,
				253B8EA429925885009FE094 /* DistanceController.swift in Sources */,
				253B8E8E29924A22009FE094 /* AppDelegate.swift in Sources */,
				253B8E9029924A22009FE094 /* SceneDelegate.swift in Sources */,
				253B8EA8299258EA009FE094 /* Constants.swift in Sources */,
				253B8EA22992582E009FE094 /* BTModel.swift in Sources */,
				253B8EA6299258C3009FE094 /* BTManager.swift in Sources */,
			);
			runOnlyForDeploymentPostprocessing = 0;
		};
/* End PBXSourcesBuildPhase section */

/* Begin PBXVariantGroup section */
		253B8E9329924A22009FE094 /* Main.storyboard */ = {
			isa = PBXVariantGroup;
			children = (
				253B8E9429924A22009FE094 /* Base */,
			);
			name = Main.storyboard;
			sourceTree = "<group>";
		};
		253B8E9829924A23009FE094 /* LaunchScreen.storyboard */ = {
			isa = PBXVariantGroup;
			children = (
				253B8E9929924A23009FE094 /* Base */,
			);
			name = LaunchScreen.storyboard;
			sourceTree = "<group>";
		};
/* End PBXVariantGroup section */

/* Begin XCBuildConfiguration section */
		253B8E9C29924A23009FE094 /* Debug */ = {
			isa = XCBuildConfiguration;
			buildSettings = {
				ALWAYS_SEARCH_USER_PATHS = NO;
				CLANG_ANALYZER_NONNULL = YES;
				CLANG_ANALYZER_NUMBER_OBJECT_CONVERSION = YES_AGGRESSIVE;
				CLANG_CXX_LANGUAGE_STANDARD = "gnu++20";
				CLANG_ENABLE_MODULES = YES;
				CLANG_ENABLE_OBJC_ARC = YES;
				CLANG_ENABLE_OBJC_WEAK = YES;
				CLANG_WARN_BLOCK_CAPTURE_AUTORELEASING = YES;
				CLANG_WARN_BOOL_CONVERSION = YES;
				CLANG_WARN_COMMA = YES;
				CLANG_WARN_CONSTANT_CONVERSION = YES;
				CLANG_WARN_DEPRECATED_OBJC_IMPLEMENTATIONS = YES;
				CLANG_WARN_DIRECT_OBJC_ISA_USAGE = YES_ERROR;
				CLANG_WARN_DOCUMENTATION_COMMENTS = YES;
				CLANG_WARN_EMPTY_BODY = YES;
				CLANG_WARN_ENUM_CONVERSION = YES;
				CLANG_WARN_INFINITE_RECURSION = YES;
				CLANG_WARN_INT_CONVERSION = YES;
				CLANG_WARN_NON_LITERAL_NULL_CONVERSION = YES;
				CLANG_WARN_OBJC_IMPLICIT_RETAIN_SELF = YES;
				CLANG_WARN_OBJC_LITERAL_CONVERSION = YES;
				CLANG_WARN_OBJC_ROOT_CLASS = YES_ERROR;
				CLANG_WARN_QUOTED_INCLUDE_IN_FRAMEWORK_HEADER = YES;
				CLANG_WARN_RANGE_LOOP_ANALYSIS = YES;
				CLANG_WARN_STRICT_PROTOTYPES = YES;
				CLANG_WARN_SUSPICIOUS_MOVE = YES;
				CLANG_WARN_UNGUARDED_AVAILABILITY = YES_AGGRESSIVE;
				CLANG_WARN_UNREACHABLE_CODE = YES;
				CLANG_WARN__DUPLICATE_METHOD_MATCH = YES;
				COPY_PHASE_STRIP = NO;
				DEBUG_INFORMATION_FORMAT = dwarf;
				ENABLE_STRICT_OBJC_MSGSEND = YES;
				ENABLE_TESTABILITY = YES;
				GCC_C_LANGUAGE_STANDARD = gnu11;
				GCC_DYNAMIC_NO_PIC = NO;
				GCC_NO_COMMON_BLOCKS = YES;
				GCC_OPTIMIZATION_LEVEL = 0;
				GCC_PREPROCESSOR_DEFINITIONS = (
					"DEBUG=1",
					"$(inherited)",
				);
				GCC_WARN_64_TO_32_BIT_CONVERSION = YES;
				GCC_WARN_ABOUT_RETURN_TYPE = YES_ERROR;
				GCC_WARN_UNDECLARED_SELECTOR = YES;
				GCC_WARN_UNINITIALIZED_AUTOS = YES_AGGRESSIVE;
				GCC_WARN_UNUSED_FUNCTION = YES;
				GCC_WARN_UNUSED_VARIABLE = YES;
				IPHONEOS_DEPLOYMENT_TARGET = 16.2;
				MTL_ENABLE_DEBUG_INFO = INCLUDE_SOURCE;
				MTL_FAST_MATH = YES;
				ONLY_ACTIVE_ARCH = YES;
				SDKROOT = iphoneos;
				SWIFT_ACTIVE_COMPILATION_CONDITIONS = DEBUG;
				SWIFT_OPTIMIZATION_LEVEL = "-Onone";
			};
			name = Debug;
		};
		253B8E9D29924A23009FE094 /* Release */ = {
			isa = XCBuildConfiguration;
			buildSettings = {
				ALWAYS_SEARCH_USER_PATHS = NO;
				CLANG_ANALYZER_NONNULL = YES;
				CLANG_ANALYZER_NUMBER_OBJECT_CONVERSION = YES_AGGRESSIVE;
				CLANG_CXX_LANGUAGE_STANDARD = "gnu++20";
				CLANG_ENABLE_MODULES = YES;
				CLANG_ENABLE_OBJC_ARC = YES;
				CLANG_ENABLE_OBJC_WEAK = YES;
				CLANG_WARN_BLOCK_CAPTURE_AUTORELEASING = YES;
				CLANG_WARN_BOOL_CONVERSION = YES;
				CLANG_WARN_COMMA = YES;
				CLANG_WARN_CONSTANT_CONVERSION = YES;
				CLANG_WARN_DEPRECATED_OBJC_IMPLEMENTATIONS = YES;
				CLANG_WARN_DIRECT_OBJC_ISA_USAGE = YES_ERROR;
				CLANG_WARN_DOCUMENTATION_COMMENTS = YES;
				CLANG_WARN_EMPTY_BODY = YES;
				CLANG_WARN_ENUM_CONVERSION = YES;
				CLANG_WARN_INFINITE_RECURSION = YES;
				CLANG_WARN_INT_CONVERSION = YES;
				CLANG_WARN_NON_LITERAL_NULL_CONVERSION = YES;
				CLANG_WARN_OBJC_IMPLICIT_RETAIN_SELF = YES;
				CLANG_WARN_OBJC_LITERAL_CONVERSION = YES;
				CLANG_WARN_OBJC_ROOT_CLASS = YES_ERROR;
				CLANG_WARN_QUOTED_INCLUDE_IN_FRAMEWORK_HEADER = YES;
				CLANG_WARN_RANGE_LOOP_ANALYSIS = YES;
				CLANG_WARN_STRICT_PROTOTYPES = YES;
				CLANG_WARN_SUSPICIOUS_MOVE = YES;
				CLANG_WARN_UNGUARDED_AVAILABILITY = YES_AGGRESSIVE;
				CLANG_WARN_UNREACHABLE_CODE = YES;
				CLANG_WARN__DUPLICATE_METHOD_MATCH = YES;
				COPY_PHASE_STRIP = NO;
				DEBUG_INFORMATION_FORMAT = "dwarf-with-dsym";
				ENABLE_NS_ASSERTIONS = NO;
				ENABLE_STRICT_OBJC_MSGSEND = YES;
				GCC_C_LANGUAGE_STANDARD = gnu11;
				GCC_NO_COMMON_BLOCKS = YES;
				GCC_WARN_64_TO_32_BIT_CONVERSION = YES;
				GCC_WARN_ABOUT_RETURN_TYPE = YES_ERROR;
				GCC_WARN_UNDECLARED_SELECTOR = YES;
				GCC_WARN_UNINITIALIZED_AUTOS = YES_AGGRESSIVE;
				GCC_WARN_UNUSED_FUNCTION = YES;
				GCC_WARN_UNUSED_VARIABLE = YES;
				IPHONEOS_DEPLOYMENT_TARGET = 16.2;
				MTL_ENABLE_DEBUG_INFO = NO;
				MTL_FAST_MATH = YES;
				SDKROOT = iphoneos;
				SWIFT_COMPILATION_MODE = wholemodule;
				SWIFT_OPTIMIZATION_LEVEL = "-O";
				VALIDATE_PRODUCT = YES;
			};
			name = Release;
		};
		253B8E9F29924A23009FE094 /* Debug */ = {
			isa = XCBuildConfiguration;
			buildSettings = {
				ASSETCATALOG_COMPILER_APPICON_NAME = AppIcon;
				ASSETCATALOG_COMPILER_GLOBAL_ACCENT_COLOR_NAME = AccentColor;
				CODE_SIGN_STYLE = Automatic;
				CURRENT_PROJECT_VERSION = 1;
				DEVELOPMENT_TEAM = FD9Q466N6B;
				GENERATE_INFOPLIST_FILE = YES;
				INFOPLIST_FILE = BLEPOCFix/Info.plist;
				INFOPLIST_KEY_UIApplicationSupportsIndirectInputEvents = YES;
				INFOPLIST_KEY_UILaunchStoryboardName = LaunchScreen;
				INFOPLIST_KEY_UIMainStoryboardFile = Main;
				INFOPLIST_KEY_UISupportedInterfaceOrientations_iPad = "UIInterfaceOrientationPortrait UIInterfaceOrientationPortraitUpsideDown UIInterfaceOrientationLandscapeLeft UIInterfaceOrientationLandscapeRight";
				INFOPLIST_KEY_UISupportedInterfaceOrientations_iPhone = "UIInterfaceOrientationPortrait UIInterfaceOrientationLandscapeLeft UIInterfaceOrientationLandscapeRight";
				LD_RUNPATH_SEARCH_PATHS = (
					"$(inherited)",
					"@executable_path/Frameworks",
				);
				MARKETING_VERSION = 1.0;
				PRODUCT_BUNDLE_IDENTIFIER = com.hiltiintern.BLEPOCFix;
				PRODUCT_NAME = "$(TARGET_NAME)";
				SWIFT_EMIT_LOC_STRINGS = YES;
				SWIFT_VERSION = 5.0;
				TARGETED_DEVICE_FAMILY = "1,2";
			};
			name = Debug;
		};
		253B8EA029924A23009FE094 /* Release */ = {
			isa = XCBuildConfiguration;
			buildSettings = {
				ASSETCATALOG_COMPILER_APPICON_NAME = AppIcon;
				ASSETCATALOG_COMPILER_GLOBAL_ACCENT_COLOR_NAME = AccentColor;
				CODE_SIGN_STYLE = Automatic;
				CURRENT_PROJECT_VERSION = 1;
				DEVELOPMENT_TEAM = FD9Q466N6B;
				GENERATE_INFOPLIST_FILE = YES;
				INFOPLIST_FILE = BLEPOCFix/Info.plist;
				INFOPLIST_KEY_UIApplicationSupportsIndirectInputEvents = YES;
				INFOPLIST_KEY_UILaunchStoryboardName = LaunchScreen;
				INFOPLIST_KEY_UIMainStoryboardFile = Main;
				INFOPLIST_KEY_UISupportedInterfaceOrientations_iPad = "UIInterfaceOrientationPortrait UIInterfaceOrientationPortraitUpsideDown UIInterfaceOrientationLandscapeLeft UIInterfaceOrientationLandscapeRight";
				INFOPLIST_KEY_UISupportedInterfaceOrientations_iPhone = "UIInterfaceOrientationPortrait UIInterfaceOrientationLandscapeLeft UIInterfaceOrientationLandscapeRight";
				LD_RUNPATH_SEARCH_PATHS = (
					"$(inherited)",
					"@executable_path/Frameworks",
				);
				MARKETING_VERSION = 1.0;
				PRODUCT_BUNDLE_IDENTIFIER = com.hiltiintern.BLEPOCFix;
				PRODUCT_NAME = "$(TARGET_NAME)";
				SWIFT_EMIT_LOC_STRINGS = YES;
				SWIFT_VERSION = 5.0;
				TARGETED_DEVICE_FAMILY = "1,2";
			};
			name = Release;
		};
/* End XCBuildConfiguration section */

/* Begin XCConfigurationList section */
		253B8E8529924A22009FE094 /* Build configuration list for PBXProject "BLEPOCFix" */ = {
			isa = XCConfigurationList;
			buildConfigurations = (
				253B8E9C29924A23009FE094 /* Debug */,
				253B8E9D29924A23009FE094 /* Release */,
			);
			defaultConfigurationIsVisible = 0;
			defaultConfigurationName = Release;
		};
		253B8E9E29924A23009FE094 /* Build configuration list for PBXNativeTarget "BLEPOCFix" */ = {
			isa = XCConfigurationList;
			buildConfigurations = (
				253B8E9F29924A23009FE094 /* Debug */,
				253B8EA029924A23009FE094 /* Release */,
			);
			defaultConfigurationIsVisible = 0;
			defaultConfigurationName = Release;
		};
/* End XCConfigurationList section */
	};
	rootObject = 253B8E8229924A22009FE094 /* Project object */;
}
